
Microsoft Visual Studio Solution File, Format Version 12.00
# Visual Studio Version 17
VisualStudioVersion = 17.9.34723.18
MinimumVisualStudioVersion = 10.0.40219.1
Project("{9A19103F-16F7-4668-BE54-9A1E7A4F7556}") = "MVC_Movie", "MVC_Movie\MVC_Movie.csproj", "{4AF38E00-E855-4713-91F3-1907DFF4BCB5}"
EndProject
Global
	GlobalSection(SolutionConfigurationPlatforms) = preSolution
		Debug|Any CPU = Debug|Any CPU
		Release|Any CPU = Release|Any CPU
	EndGlobalSection
	GlobalSection(ProjectConfigurationPlatforms) = postSolution
		{4AF38E00-E855-4713-91F3-1907DFF4BCB5}.Debug|Any CPU.ActiveCfg = Debug|Any CPU
		{4AF38E00-E855-4713-91F3-1907DFF4BCB5}.Debug|Any CPU.Build.0 = Debug|Any CPU
		{4AF38E00-E855-4713-91F3-1907DFF4BCB5}.Release|Any CPU.ActiveCfg = Release|Any CPU
		{4AF38E00-E855-4713-91F3-1907DFF4BCB5}.Release|Any CPU.Build.0 = Release|Any CPU
	EndGlobalSection
	GlobalSection(SolutionProperties) = preSolution
		HideSolutionNode = FALSE
	EndGlobalSection
	GlobalSection(ExtensibilityGlobals) = postSolution
		SolutionGuid = {B34B03C2-9432-448D-877D-531F40F7F369}
	EndGlobalSection
EndGlobal
